
Microsoft Visual Studio Solution File, Format Version 12.00
# Visual Studio Version 17
VisualStudioVersion = 17.2.32616.157
MinimumVisualStudioVersion = 10.0.40219.1
Project("{9A19103F-16F7-4668-BE54-9A1E7A4F7556}") = "VehicleService", "VehicleService.csproj", "{F9072F4F-A583-4C58-8C45-592D060B640E}"
EndProject
Project("{FAE04EC0-301F-11D3-BF4B-00C04F79EFBC}") = "VehicleControllerTest", "..\VehicleControllerTest\VehicleControllerTest.csproj", "{07401A63-9652-47F5-9989-72DFE3017987}"
EndProject
Global
	GlobalSection(SolutionConfigurationPlatforms) = preSolution
		Debug|Any CPU = Debug|Any CPU
		Release|Any CPU = Release|Any CPU
	EndGlobalSection
	GlobalSection(ProjectConfigurationPlatforms) = postSolution
		{F9072F4F-A583-4C58-8C45-592D060B640E}.Debug|Any CPU.ActiveCfg = Debug|Any CPU
		{F9072F4F-A583-4C58-8C45-592D060B640E}.Debug|Any CPU.Build.0 = Debug|Any CPU
		{F9072F4F-A583-4C58-8C45-592D060B640E}.Release|Any CPU.ActiveCfg = Release|Any CPU
		{F9072F4F-A583-4C58-8C45-592D060B640E}.Release|Any CPU.Build.0 = Release|Any CPU
		{07401A63-9652-47F5-9989-72DFE3017987}.Debug|Any CPU.ActiveCfg = Debug|Any CPU
		{07401A63-9652-47F5-9989-72DFE3017987}.Debug|Any CPU.Build.0 = Debug|Any CPU
		{07401A63-9652-47F5-9989-72DFE3017987}.Release|Any CPU.ActiveCfg = Release|Any CPU
		{07401A63-9652-47F5-9989-72DFE3017987}.Release|Any CPU.Build.0 = Release|Any CPU
	EndGlobalSection
	GlobalSection(SolutionProperties) = preSolution
		HideSolutionNode = FALSE
	EndGlobalSection
	GlobalSection(ExtensibilityGlobals) = postSolution
		SolutionGuid = {1BDD667E-EF0C-429A-A6AB-FD07AE41318C}
	EndGlobalSection
EndGlobal
